
Microsoft Visual Studio Solution File, Format Version 12.00
# Visual Studio Version 16
VisualStudioVersion = 16.0.30011.22
MinimumVisualStudioVersion = 10.0.40219.1
Project("{9A19103F-16F7-4668-BE54-9A1E7A4F7556}") = "Algorithms", "Algorithms\Algorithms.csproj", "{C7F3A7A9-7BE4-4910-981B-F9FB26A9B6BE}"
EndProject
Project("{9A19103F-16F7-4668-BE54-9A1E7A4F7556}") = "AlgorithmsTest", "AlgorithmsTest\AlgorithmsTest.csproj", "{898D0B5E-6AC4-4B81-B6FF-D25A9D4CEEBC}"
EndProject
Project("{9A19103F-16F7-4668-BE54-9A1E7A4F7556}") = "PracticeApp", "PracticeApp\PracticeApp.csproj", "{691055F2-015B-46AA-ABFB-D285DFA51B65}"
EndProject
Project("{9A19103F-16F7-4668-BE54-9A1E7A4F7556}") = "Graphs", "Graphs\Graphs.csproj", "{2D23BE69-128B-4B4B-8832-5D55F2A7D118}"
EndProject
Project("{9A19103F-16F7-4668-BE54-9A1E7A4F7556}") = "GraphsTest", "GraphsTest\GraphsTest.csproj", "{EE8FD1A9-5C09-4B3E-8852-A8D03807A86F}"
EndProject
Project("{FAE04EC0-301F-11D3-BF4B-00C04F79EFBC}") = "DataStructures", "DataStructures\DataStructures.csproj", "{6940D65A-C558-43D6-A18C-038998E57D6D}"
EndProject
Global
	GlobalSection(SolutionConfigurationPlatforms) = preSolution
		Debug|Any CPU = Debug|Any CPU
		Release|Any CPU = Release|Any CPU
	EndGlobalSection
	GlobalSection(ProjectConfigurationPlatforms) = postSolution
		{C7F3A7A9-7BE4-4910-981B-F9FB26A9B6BE}.Debug|Any CPU.ActiveCfg = Debug|Any CPU
		{C7F3A7A9-7BE4-4910-981B-F9FB26A9B6BE}.Debug|Any CPU.Build.0 = Debug|Any CPU
		{C7F3A7A9-7BE4-4910-981B-F9FB26A9B6BE}.Release|Any CPU.ActiveCfg = Release|Any CPU
		{C7F3A7A9-7BE4-4910-981B-F9FB26A9B6BE}.Release|Any CPU.Build.0 = Release|Any CPU
		{898D0B5E-6AC4-4B81-B6FF-D25A9D4CEEBC}.Debug|Any CPU.ActiveCfg = Debug|Any CPU
		{898D0B5E-6AC4-4B81-B6FF-D25A9D4CEEBC}.Debug|Any CPU.Build.0 = Debug|Any CPU
		{898D0B5E-6AC4-4B81-B6FF-D25A9D4CEEBC}.Release|Any CPU.ActiveCfg = Release|Any CPU
		{898D0B5E-6AC4-4B81-B6FF-D25A9D4CEEBC}.Release|Any CPU.Build.0 = Release|Any CPU
		{691055F2-015B-46AA-ABFB-D285DFA51B65}.Debug|Any CPU.ActiveCfg = Debug|Any CPU
		{691055F2-015B-46AA-ABFB-D285DFA51B65}.Debug|Any CPU.Build.0 = Debug|Any CPU
		{691055F2-015B-46AA-ABFB-D285DFA51B65}.Release|Any CPU.ActiveCfg = Release|Any CPU
		{691055F2-015B-46AA-ABFB-D285DFA51B65}.Release|Any CPU.Build.0 = Release|Any CPU
		{2D23BE69-128B-4B4B-8832-5D55F2A7D118}.Debug|Any CPU.ActiveCfg = Debug|Any CPU
		{2D23BE69-128B-4B4B-8832-5D55F2A7D118}.Debug|Any CPU.Build.0 = Debug|Any CPU
		{2D23BE69-128B-4B4B-8832-5D55F2A7D118}.Release|Any CPU.ActiveCfg = Release|Any CPU
		{2D23BE69-128B-4B4B-8832-5D55F2A7D118}.Release|Any CPU.Build.0 = Release|Any CPU
		{EE8FD1A9-5C09-4B3E-8852-A8D03807A86F}.Debug|Any CPU.ActiveCfg = Debug|Any CPU
		{EE8FD1A9-5C09-4B3E-8852-A8D03807A86F}.Debug|Any CPU.Build.0 = Debug|Any CPU
		{EE8FD1A9-5C09-4B3E-8852-A8D03807A86F}.Release|Any CPU.ActiveCfg = Release|Any CPU
		{EE8FD1A9-5C09-4B3E-8852-A8D03807A86F}.Release|Any CPU.Build.0 = Release|Any CPU
		{6940D65A-C558-43D6-A18C-038998E57D6D}.Debug|Any CPU.ActiveCfg = Debug|Any CPU
		{6940D65A-C558-43D6-A18C-038998E57D6D}.Debug|Any CPU.Build.0 = Debug|Any CPU
		{6940D65A-C558-43D6-A18C-038998E57D6D}.Release|Any CPU.ActiveCfg = Release|Any CPU
		{6940D65A-C558-43D6-A18C-038998E57D6D}.Release|Any CPU.Build.0 = Release|Any CPU
	EndGlobalSection
	GlobalSection(SolutionProperties) = preSolution
		HideSolutionNode = FALSE
	EndGlobalSection
	GlobalSection(ExtensibilityGlobals) = postSolution
		SolutionGuid = {338D9E17-21D4-433F-B372-7D4818B90F91}
	EndGlobalSection
EndGlobal
