
Microsoft Visual Studio Solution File, Format Version 12.00
# Visual Studio Version 16
VisualStudioVersion = 16.0.30011.22
MinimumVisualStudioVersion = 10.0.40219.1
Project("{9A19103F-16F7-4668-BE54-9A1E7A4F7556}") = "Algorithms", "Algorithms\Algorithms.csproj", "{C7F3A7A9-7BE4-4910-981B-F9FB26A9B6BE}"
EndProject
Project("{9A19103F-16F7-4668-BE54-9A1E7A4F7556}") = "AlgorithmsTest", "AlgorithmsTest\AlgorithmsTest.csproj", "{898D0B5E-6AC4-4B81-B6FF-D25A9D4CEEBC}"
EndProject
Project("{9A19103F-16F7-4668-BE54-9A1E7A4F7556}") = "PracticeApp", "PracticeApp\PracticeApp.csproj", "{691055F2-015B-46AA-ABFB-D285DFA51B65}"
EndProject
Project("{9A19103F-16F7-4668-BE54-9A1E7A4F7556}") = "Graphs", "Graphs\Graphs.csproj", "{2D23BE69-128B-4B4B-8832-5D55F2A7D118}"
EndProject
Project("{9A19103F-16F7-4668-BE54-9A1E7A4F7556}") = "GraphsTest", "GraphsTest\GraphsTest.csproj", "{EE8FD1A9-5C09-4B3E-8852-A8D03807A86F}"
EndProject
Project("{9A19103F-16F7-4668-BE54-9A1E7A4F7556}") = "DataStructures", "DataStructures\DataStructures.csproj", "{6940D65A-C558-43D6-A18C-038998E57D6D}"
EndProject
Project("{9A19103F-16F7-4668-BE54-9A1E7A4F7556}") = "ArraySorting", "ArraySorting\ArraySorting.csproj", "{355AA165-7E78-41A2-A6A3-2C078272A4EC}"
EndProject
Project("{9A19103F-16F7-4668-BE54-9A1E7A4F7556}") = "Pattern.SlidingWindow", "Pattern.SlidingWindow\Pattern.SlidingWindow.csproj", "{F18A1D2E-4606-4A4F-88CE-C9D2F7DFC8EA}"
EndProject
Project("{9A19103F-16F7-4668-BE54-9A1E7A4F7556}") = "Pattern.TwoPointers", "Pattern.TwoPointers\Pattern.TwoPointers.csproj", "{2DE73347-E250-46B6-B97A-3DF72B8F92BD}"
EndProject
Project("{9A19103F-16F7-4668-BE54-9A1E7A4F7556}") = "Pattern.FastAndSlowPointers", "Pattern.FastAndSlowPointers\Pattern.FastAndSlowPointers.csproj", "{111C880E-7697-4372-9B73-C3A22A8EFC62}"
EndProject
Project("{9A19103F-16F7-4668-BE54-9A1E7A4F7556}") = "Pattern.LinkedListReversal", "Pattern.LinkedListReversal\Pattern.LinkedListReversal.csproj", "{2007771B-C85F-4554-85E4-047316CDB76A}"
EndProject
Project("{9A19103F-16F7-4668-BE54-9A1E7A4F7556}") = "Pattern.BFS", "Pattern.BFS\Pattern.BFS.csproj", "{BA6FCD49-8902-4887-94AA-A8429E4243C0}"
EndProject
Project("{9A19103F-16F7-4668-BE54-9A1E7A4F7556}") = "Pattern.DFS", "Pattern.DFS\Pattern.DFS.csproj", "{83CB1BE6-8BFB-4D78-9BC2-CE80E81DFCEE}"
EndProject
Project("{FAE04EC0-301F-11D3-BF4B-00C04F79EFBC}") = "Pattern.MergeIntervals", "Pattern.MergeIntervals\Pattern.MergeIntervals.csproj", "{FADD4059-B933-4D00-AF16-2A902532CDDA}"
EndProject
Project("{FAE04EC0-301F-11D3-BF4B-00C04F79EFBC}") = "Pattern.MergeIntervalsTest", "Pattern.MergeIntervalsTest\Pattern.MergeIntervalsTest.csproj", "{1D974E19-0BA1-489B-B4C3-2B6DE9EA23C3}"
EndProject
Project("{FAE04EC0-301F-11D3-BF4B-00C04F79EFBC}") = "Pattern.SlidingWindowTest", "Pattern.SlidingWindowTest\Pattern.SlidingWindowTest.csproj", "{028798FA-C246-4E05-8C3D-2F859CF8B53F}"
EndProject
Project("{FAE04EC0-301F-11D3-BF4B-00C04F79EFBC}") = "Pattern.TwoPointersTest", "Pattern.TwoPointersTest\Pattern.TwoPointersTest.csproj", "{7893176E-6D79-4BF7-954B-3FC51A94AB32}"
EndProject
Global
	GlobalSection(SolutionConfigurationPlatforms) = preSolution
		Debug|Any CPU = Debug|Any CPU
		Release|Any CPU = Release|Any CPU
	EndGlobalSection
	GlobalSection(ProjectConfigurationPlatforms) = postSolution
		{C7F3A7A9-7BE4-4910-981B-F9FB26A9B6BE}.Debug|Any CPU.ActiveCfg = Debug|Any CPU
		{C7F3A7A9-7BE4-4910-981B-F9FB26A9B6BE}.Debug|Any CPU.Build.0 = Debug|Any CPU
		{C7F3A7A9-7BE4-4910-981B-F9FB26A9B6BE}.Release|Any CPU.ActiveCfg = Release|Any CPU
		{C7F3A7A9-7BE4-4910-981B-F9FB26A9B6BE}.Release|Any CPU.Build.0 = Release|Any CPU
		{898D0B5E-6AC4-4B81-B6FF-D25A9D4CEEBC}.Debug|Any CPU.ActiveCfg = Debug|Any CPU
		{898D0B5E-6AC4-4B81-B6FF-D25A9D4CEEBC}.Debug|Any CPU.Build.0 = Debug|Any CPU
		{898D0B5E-6AC4-4B81-B6FF-D25A9D4CEEBC}.Release|Any CPU.ActiveCfg = Release|Any CPU
		{898D0B5E-6AC4-4B81-B6FF-D25A9D4CEEBC}.Release|Any CPU.Build.0 = Release|Any CPU
		{691055F2-015B-46AA-ABFB-D285DFA51B65}.Debug|Any CPU.ActiveCfg = Debug|Any CPU
		{691055F2-015B-46AA-ABFB-D285DFA51B65}.Debug|Any CPU.Build.0 = Debug|Any CPU
		{691055F2-015B-46AA-ABFB-D285DFA51B65}.Release|Any CPU.ActiveCfg = Release|Any CPU
		{691055F2-015B-46AA-ABFB-D285DFA51B65}.Release|Any CPU.Build.0 = Release|Any CPU
		{2D23BE69-128B-4B4B-8832-5D55F2A7D118}.Debug|Any CPU.ActiveCfg = Debug|Any CPU
		{2D23BE69-128B-4B4B-8832-5D55F2A7D118}.Debug|Any CPU.Build.0 = Debug|Any CPU
		{2D23BE69-128B-4B4B-8832-5D55F2A7D118}.Release|Any CPU.ActiveCfg = Release|Any CPU
		{2D23BE69-128B-4B4B-8832-5D55F2A7D118}.Release|Any CPU.Build.0 = Release|Any CPU
		{EE8FD1A9-5C09-4B3E-8852-A8D03807A86F}.Debug|Any CPU.ActiveCfg = Debug|Any CPU
		{EE8FD1A9-5C09-4B3E-8852-A8D03807A86F}.Debug|Any CPU.Build.0 = Debug|Any CPU
		{EE8FD1A9-5C09-4B3E-8852-A8D03807A86F}.Release|Any CPU.ActiveCfg = Release|Any CPU
		{EE8FD1A9-5C09-4B3E-8852-A8D03807A86F}.Release|Any CPU.Build.0 = Release|Any CPU
		{6940D65A-C558-43D6-A18C-038998E57D6D}.Debug|Any CPU.ActiveCfg = Debug|Any CPU
		{6940D65A-C558-43D6-A18C-038998E57D6D}.Debug|Any CPU.Build.0 = Debug|Any CPU
		{6940D65A-C558-43D6-A18C-038998E57D6D}.Release|Any CPU.ActiveCfg = Release|Any CPU
		{6940D65A-C558-43D6-A18C-038998E57D6D}.Release|Any CPU.Build.0 = Release|Any CPU
		{355AA165-7E78-41A2-A6A3-2C078272A4EC}.Debug|Any CPU.ActiveCfg = Debug|Any CPU
		{355AA165-7E78-41A2-A6A3-2C078272A4EC}.Debug|Any CPU.Build.0 = Debug|Any CPU
		{355AA165-7E78-41A2-A6A3-2C078272A4EC}.Release|Any CPU.ActiveCfg = Release|Any CPU
		{355AA165-7E78-41A2-A6A3-2C078272A4EC}.Release|Any CPU.Build.0 = Release|Any CPU
		{F18A1D2E-4606-4A4F-88CE-C9D2F7DFC8EA}.Debug|Any CPU.ActiveCfg = Debug|Any CPU
		{F18A1D2E-4606-4A4F-88CE-C9D2F7DFC8EA}.Debug|Any CPU.Build.0 = Debug|Any CPU
		{F18A1D2E-4606-4A4F-88CE-C9D2F7DFC8EA}.Release|Any CPU.ActiveCfg = Release|Any CPU
		{F18A1D2E-4606-4A4F-88CE-C9D2F7DFC8EA}.Release|Any CPU.Build.0 = Release|Any CPU
		{2DE73347-E250-46B6-B97A-3DF72B8F92BD}.Debug|Any CPU.ActiveCfg = Debug|Any CPU
		{2DE73347-E250-46B6-B97A-3DF72B8F92BD}.Debug|Any CPU.Build.0 = Debug|Any CPU
		{2DE73347-E250-46B6-B97A-3DF72B8F92BD}.Release|Any CPU.ActiveCfg = Release|Any CPU
		{2DE73347-E250-46B6-B97A-3DF72B8F92BD}.Release|Any CPU.Build.0 = Release|Any CPU
		{111C880E-7697-4372-9B73-C3A22A8EFC62}.Debug|Any CPU.ActiveCfg = Debug|Any CPU
		{111C880E-7697-4372-9B73-C3A22A8EFC62}.Debug|Any CPU.Build.0 = Debug|Any CPU
		{111C880E-7697-4372-9B73-C3A22A8EFC62}.Release|Any CPU.ActiveCfg = Release|Any CPU
		{111C880E-7697-4372-9B73-C3A22A8EFC62}.Release|Any CPU.Build.0 = Release|Any CPU
		{2007771B-C85F-4554-85E4-047316CDB76A}.Debug|Any CPU.ActiveCfg = Debug|Any CPU
		{2007771B-C85F-4554-85E4-047316CDB76A}.Debug|Any CPU.Build.0 = Debug|Any CPU
		{2007771B-C85F-4554-85E4-047316CDB76A}.Release|Any CPU.ActiveCfg = Release|Any CPU
		{2007771B-C85F-4554-85E4-047316CDB76A}.Release|Any CPU.Build.0 = Release|Any CPU
		{BA6FCD49-8902-4887-94AA-A8429E4243C0}.Debug|Any CPU.ActiveCfg = Debug|Any CPU
		{BA6FCD49-8902-4887-94AA-A8429E4243C0}.Debug|Any CPU.Build.0 = Debug|Any CPU
		{BA6FCD49-8902-4887-94AA-A8429E4243C0}.Release|Any CPU.ActiveCfg = Release|Any CPU
		{BA6FCD49-8902-4887-94AA-A8429E4243C0}.Release|Any CPU.Build.0 = Release|Any CPU
		{83CB1BE6-8BFB-4D78-9BC2-CE80E81DFCEE}.Debug|Any CPU.ActiveCfg = Debug|Any CPU
		{83CB1BE6-8BFB-4D78-9BC2-CE80E81DFCEE}.Debug|Any CPU.Build.0 = Debug|Any CPU
		{83CB1BE6-8BFB-4D78-9BC2-CE80E81DFCEE}.Release|Any CPU.ActiveCfg = Release|Any CPU
		{83CB1BE6-8BFB-4D78-9BC2-CE80E81DFCEE}.Release|Any CPU.Build.0 = Release|Any CPU
		{FADD4059-B933-4D00-AF16-2A902532CDDA}.Debug|Any CPU.ActiveCfg = Debug|Any CPU
		{FADD4059-B933-4D00-AF16-2A902532CDDA}.Debug|Any CPU.Build.0 = Debug|Any CPU
		{FADD4059-B933-4D00-AF16-2A902532CDDA}.Release|Any CPU.ActiveCfg = Release|Any CPU
		{FADD4059-B933-4D00-AF16-2A902532CDDA}.Release|Any CPU.Build.0 = Release|Any CPU
		{1D974E19-0BA1-489B-B4C3-2B6DE9EA23C3}.Debug|Any CPU.ActiveCfg = Debug|Any CPU
		{1D974E19-0BA1-489B-B4C3-2B6DE9EA23C3}.Debug|Any CPU.Build.0 = Debug|Any CPU
		{1D974E19-0BA1-489B-B4C3-2B6DE9EA23C3}.Release|Any CPU.ActiveCfg = Release|Any CPU
		{1D974E19-0BA1-489B-B4C3-2B6DE9EA23C3}.Release|Any CPU.Build.0 = Release|Any CPU
		{028798FA-C246-4E05-8C3D-2F859CF8B53F}.Debug|Any CPU.ActiveCfg = Debug|Any CPU
		{028798FA-C246-4E05-8C3D-2F859CF8B53F}.Debug|Any CPU.Build.0 = Debug|Any CPU
		{028798FA-C246-4E05-8C3D-2F859CF8B53F}.Release|Any CPU.ActiveCfg = Release|Any CPU
		{028798FA-C246-4E05-8C3D-2F859CF8B53F}.Release|Any CPU.Build.0 = Release|Any CPU
		{7893176E-6D79-4BF7-954B-3FC51A94AB32}.Debug|Any CPU.ActiveCfg = Debug|Any CPU
		{7893176E-6D79-4BF7-954B-3FC51A94AB32}.Debug|Any CPU.Build.0 = Debug|Any CPU
		{7893176E-6D79-4BF7-954B-3FC51A94AB32}.Release|Any CPU.ActiveCfg = Release|Any CPU
		{7893176E-6D79-4BF7-954B-3FC51A94AB32}.Release|Any CPU.Build.0 = Release|Any CPU
	EndGlobalSection
	GlobalSection(SolutionProperties) = preSolution
		HideSolutionNode = FALSE
	EndGlobalSection
	GlobalSection(ExtensibilityGlobals) = postSolution
		SolutionGuid = {338D9E17-21D4-433F-B372-7D4818B90F91}
	EndGlobalSection
EndGlobal
